{
  "name": "@signal-fire/server",
  "version": "0.4.0",
  "lockfileVersion": 1,
  "requires": true,
  "dependencies": {
    "@lucets/commands": {
      "version": "0.4.0",
      "resolved": "https://registry.npmjs.org/@lucets/commands/-/commands-0.4.0.tgz",
      "integrity": "sha512-bkV+0Tm3F+Btv49SxOH6H2QN8boPPLfooY/NpofhU98AEfrXbVD9+fWLGe8raxfwnXaUDXXMnyvLCwIkSXoSvg==",
      "requires": {
        "@lucets/luce": "^0.4.0",
        "@lucets/message-hooks": "^0.1.0"
      }
    },
    "@lucets/luce": {
      "version": "0.4.0",
      "resolved": "https://registry.npmjs.org/@lucets/luce/-/luce-0.4.0.tgz",
      "integrity": "sha512-KE7EpIpRUrTiQckol1E+lvPG7kRd/yIJJi17Xjl8V3JHa2bza4lJHfyXbJ+6cXM/doZC7dJxwwppClW+guSAnQ==",
      "requires": {
        "@lucets/message-hooks": "^0.1.0",
        "@lucets/upgrade-hooks": "^0.1.0",
        "http-errors": "^1.8.0",
        "ws": "^7.4.3"
      }
    },
    "@lucets/message-hooks": {
      "version": "0.1.0",
      "resolved": "https://registry.npmjs.org/@lucets/message-hooks/-/message-hooks-0.1.0.tgz",
      "integrity": "sha512-jUCc3DyZq3a/x99EuPMsAHHKUbJA3a7TJk7Gg3GUnjaz1qe7Bpoo4/+lQOeVH0QmkhmEFmvWvcNiAGjoxkxoQA=="
    },
    "@lucets/registry": {
      "version": "0.2.0",
      "resolved": "https://registry.npmjs.org/@lucets/registry/-/registry-0.2.0.tgz",
      "integrity": "sha512-qdKIxa5UKMtDVZhATk49leLsMIWj6u3NXPszRjoNNi0bDJue+CBpeYOQnbeLi7/sc66pxFMO5n0TXBH/Czs0bg==",
      "requires": {
        "ws": "^7.4.3"
      }
    },
    "@lucets/upgrade-hooks": {
      "version": "0.1.0",
      "resolved": "https://registry.npmjs.org/@lucets/upgrade-hooks/-/upgrade-hooks-0.1.0.tgz",
      "integrity": "sha512-5uwsjAvw92yScss6XE+zBeQySfbaXi10Q8W1XUjRMLsCiw/N80ItfldLbj9fAoHz3hZopyDwp/QfSBjb9AY9FA=="
    },
    "@types/node": {
      "version": "14.14.32",
      "resolved": "https://registry.npmjs.org/@types/node/-/node-14.14.32.tgz",
      "integrity": "sha512-/Ctrftx/zp4m8JOujM5ZhwzlWLx22nbQJiVqz8/zE15gOeEW+uly3FSX4fGFpcfEvFzXcMCJwq9lGVWgyARXhg==",
      "dev": true
    },
    "@types/ws": {
      "version": "7.4.0",
      "resolved": "https://registry.npmjs.org/@types/ws/-/ws-7.4.0.tgz",
      "integrity": "sha512-Y29uQ3Uy+58bZrFLhX36hcI3Np37nqWE7ky5tjiDoy1GDZnIwVxS0CgF+s+1bXMzjKBFy+fqaRfb708iNzdinw==",
      "dev": true,
      "requires": {
        "@types/node": "*"
      }
    },
    "depd": {
      "version": "1.1.2",
      "resolved": "https://registry.npmjs.org/depd/-/depd-1.1.2.tgz",
      "integrity": "sha1-m81S4UwJd2PnSbJ0xDRu0uVgtak="
    },
    "http-errors": {
      "version": "1.8.0",
      "resolved": "https://registry.npmjs.org/http-errors/-/http-errors-1.8.0.tgz",
      "integrity": "sha512-4I8r0C5JDhT5VkvI47QktDW75rNlGVsUf/8hzjCC/wkWI/jdTRmBb9aI7erSG82r1bjKY3F6k28WnsVxB1C73A==",
      "requires": {
        "depd": "~1.1.2",
        "inherits": "2.0.4",
        "setprototypeof": "1.2.0",
        "statuses": ">= 1.5.0 < 2",
        "toidentifier": "1.0.0"
      }
    },
    "inherits": {
      "version": "2.0.4",
      "resolved": "https://registry.npmjs.org/inherits/-/inherits-2.0.4.tgz",
      "integrity": "sha512-k/vGaX4/Yla3WzyMCvTQOXYeIHvqOKtnqBduzTHpzpQZzAskKMhZ2K+EnBiSM9zGSoIFeMpXKxa4dYeZIQqewQ=="
    },
    "nanoid": {
      "version": "3.1.22",
      "resolved": "https://registry.npmjs.org/nanoid/-/nanoid-3.1.22.tgz",
      "integrity": "sha512-/2ZUaJX2ANuLtTvqTlgqBQNJoQO398KyJgZloL0PZkC0dpysjncRUPsFe3DUPzz/y3h+u7C46np8RMuvF3jsSQ=="
    },
    "setprototypeof": {
      "version": "1.2.0",
      "resolved": "https://registry.npmjs.org/setprototypeof/-/setprototypeof-1.2.0.tgz",
      "integrity": "sha512-E5LDX7Wrp85Kil5bhZv46j8jOeboKq5JMmYM3gVGdGH8xFpPWXUMsNrlODCrkoxMEeNi/XZIwuRvY4XNwYMJpw=="
    },
    "statuses": {
      "version": "1.5.0",
      "resolved": "https://registry.npmjs.org/statuses/-/statuses-1.5.0.tgz",
      "integrity": "sha1-Fhx9rBd2Wf2YEfQ3cfqZOBR4Yow="
    },
    "toidentifier": {
      "version": "1.0.0",
      "resolved": "https://registry.npmjs.org/toidentifier/-/toidentifier-1.0.0.tgz",
      "integrity": "sha512-yaOH/Pk/VEhBWWTlhI+qXxDFXlejDGcQipMlyxda9nthulaxLZUNcUqFxokp0vcYnvteJln5FNQDRrxj3YcbVw=="
    },
    "ws": {
      "version": "7.4.5",
      "resolved": "https://registry.npmjs.org/ws/-/ws-7.4.5.tgz",
      "integrity": "sha512-xzyu3hFvomRfXKH8vOFMU3OguG6oOvhXMo3xsGy3xWExqaM2dxBbVxuD99O7m3ZUFMvvscsZDqxfgMaRr/Nr1g=="
    }
  }
}
